
Microsoft Visual Studio Solution File, Format Version 12.00
# Visual Studio 15
VisualStudioVersion = 15.0.28307.271
MinimumVisualStudioVersion = 10.0.40219.1
Project("{FAE04EC0-301F-11D3-BF4B-00C04F79EFBC}") = "CsharpSampleSolution", "CsharpSampleSolution\CsharpSampleSolution.csproj", "{A78FB480-0BA9-4160-BD5B-CC2CB45D6F8A}"
EndProject
Global
	GlobalSection(SolutionConfigurationPlatforms) = preSolution
		Debug|Any CPU = Debug|Any CPU
		Release|Any CPU = Release|Any CPU
	EndGlobalSection
	GlobalSection(ProjectConfigurationPlatforms) = postSolution
		{A78FB480-0BA9-4160-BD5B-CC2CB45D6F8A}.Debug|Any CPU.ActiveCfg = Debug|Any CPU
		{A78FB480-0BA9-4160-BD5B-CC2CB45D6F8A}.Debug|Any CPU.Build.0 = Debug|Any CPU
		{A78FB480-0BA9-4160-BD5B-CC2CB45D6F8A}.Release|Any CPU.ActiveCfg = Release|Any CPU
		{A78FB480-0BA9-4160-BD5B-CC2CB45D6F8A}.Release|Any CPU.Build.0 = Release|Any CPU
	EndGlobalSection
	GlobalSection(SolutionProperties) = preSolution
		HideSolutionNode = FALSE
	EndGlobalSection
	GlobalSection(ExtensibilityGlobals) = postSolution
		SolutionGuid = {99B358B8-142F-4D4B-BE14-9746B5D2138E}
	EndGlobalSection
EndGlobal
