
Microsoft Visual Studio Solution File, Format Version 12.00
# Visual Studio 15
VisualStudioVersion = 15.0.28307.271
MinimumVisualStudioVersion = 10.0.40219.1
Project("{2150E333-8FDC-42A3-9474-1A3956D46DE8}") = "Tests", "Tests", "{74C0AE78-26F2-447B-A28A-D1044B1ABC2D}"
EndProject
Project("{2150E333-8FDC-42A3-9474-1A3956D46DE8}") = "Common", "Common", "{3DC6ADF8-D156-48F5-9C63-34613CC2ADB6}"
EndProject
Project("{2150E333-8FDC-42A3-9474-1A3956D46DE8}") = "Web", "Web", "{D14F8469-1DCC-4A8B-B883-79878E8DFC50}"
EndProject
Project("{9A19103F-16F7-4668-BE54-9A1E7A4F7556}") = "CsharpSampleSolution.Web.API", "CsharpSampleSolution.Web.API\CsharpSampleSolution.Web.API.csproj", "{4CF3D120-45D6-44C7-B307-533DD5D36182}"
EndProject
Project("{9A19103F-16F7-4668-BE54-9A1E7A4F7556}") = "CsharpSampleSolution.Common.Business", "CsharpSampleSolution.Common.Business\CsharpSampleSolution.Common.Business.csproj", "{1EE0A996-4045-42A7-82F5-E0740DC4011B}"
EndProject
Project("{9A19103F-16F7-4668-BE54-9A1E7A4F7556}") = "CsharpSampleSolution.Common", "CsharpSampleSolution.Common\CsharpSampleSolution.Common.csproj", "{225B1596-9DB7-437E-8FA4-2941416D076C}"
EndProject
Project("{9A19103F-16F7-4668-BE54-9A1E7A4F7556}") = "CsharpSampleSolution.Web.UI", "CsharpSampleSolution.Web.UI\CsharpSampleSolution.Web.UI.csproj", "{C7B9ADC6-BC96-4B85-8904-E274C18ADDC4}"
EndProject
Project("{9A19103F-16F7-4668-BE54-9A1E7A4F7556}") = "CsharpSampleSolution.Tests.Unit", "CsharpSampleSolution.Tests.Unit\CsharpSampleSolution.Tests.Unit.csproj", "{1BB6477A-CC8C-4EAD-A597-7A8B3C7E81E3}"
	ProjectSection(ProjectDependencies) = postProject
		{241451C1-91B8-41B6-A699-75AE7C1F03BD} = {241451C1-91B8-41B6-A699-75AE7C1F03BD}
	EndProjectSection
EndProject
Project("{9A19103F-16F7-4668-BE54-9A1E7A4F7556}") = "CsharpSampleSolution.Tests.Integration", "CsharpSampleSolution.Tests.Integration\CsharpSampleSolution.Tests.Integration.csproj", "{17754FCA-E24E-402E-BAA2-0139D3AA9E02}"
	ProjectSection(ProjectDependencies) = postProject
		{241451C1-91B8-41B6-A699-75AE7C1F03BD} = {241451C1-91B8-41B6-A699-75AE7C1F03BD}
	EndProjectSection
EndProject
Project("{9A19103F-16F7-4668-BE54-9A1E7A4F7556}") = "CsharpSampleSolution.Tests.E2E", "CsharpSampleSolution.Tests.E2E\CsharpSampleSolution.Tests.E2E.csproj", "{1E7BD5C3-E8EA-4919-80FA-952A034E099D}"
	ProjectSection(ProjectDependencies) = postProject
		{241451C1-91B8-41B6-A699-75AE7C1F03BD} = {241451C1-91B8-41B6-A699-75AE7C1F03BD}
	EndProjectSection
EndProject
Project("{2150E333-8FDC-42A3-9474-1A3956D46DE8}") = "Solution Items", "Solution Items", "{0584C224-D67A-4CDF-BF42-7A1328753E81}"
	ProjectSection(SolutionItems) = preProject
		ca.ruleset = ca.ruleset
	EndProjectSection
EndProject
Project("{9A19103F-16F7-4668-BE54-9A1E7A4F7556}") = "CsharpSampleSolution.Tests.NUnit.Addons", "CsharpSampleSolution.Tests.NUnit.Addons\CsharpSampleSolution.Tests.NUnit.Addons.csproj", "{241451C1-91B8-41B6-A699-75AE7C1F03BD}"
EndProject
Global
	GlobalSection(SolutionConfigurationPlatforms) = preSolution
		Debug|Any CPU = Debug|Any CPU
		Release|Any CPU = Release|Any CPU
	EndGlobalSection
	GlobalSection(ProjectConfigurationPlatforms) = postSolution
		{4CF3D120-45D6-44C7-B307-533DD5D36182}.Debug|Any CPU.ActiveCfg = Debug|Any CPU
		{4CF3D120-45D6-44C7-B307-533DD5D36182}.Debug|Any CPU.Build.0 = Debug|Any CPU
		{4CF3D120-45D6-44C7-B307-533DD5D36182}.Release|Any CPU.ActiveCfg = Release|Any CPU
		{4CF3D120-45D6-44C7-B307-533DD5D36182}.Release|Any CPU.Build.0 = Release|Any CPU
		{1EE0A996-4045-42A7-82F5-E0740DC4011B}.Debug|Any CPU.ActiveCfg = Debug|Any CPU
		{1EE0A996-4045-42A7-82F5-E0740DC4011B}.Debug|Any CPU.Build.0 = Debug|Any CPU
		{1EE0A996-4045-42A7-82F5-E0740DC4011B}.Release|Any CPU.ActiveCfg = Release|Any CPU
		{1EE0A996-4045-42A7-82F5-E0740DC4011B}.Release|Any CPU.Build.0 = Release|Any CPU
		{225B1596-9DB7-437E-8FA4-2941416D076C}.Debug|Any CPU.ActiveCfg = Debug|Any CPU
		{225B1596-9DB7-437E-8FA4-2941416D076C}.Debug|Any CPU.Build.0 = Debug|Any CPU
		{225B1596-9DB7-437E-8FA4-2941416D076C}.Release|Any CPU.ActiveCfg = Release|Any CPU
		{225B1596-9DB7-437E-8FA4-2941416D076C}.Release|Any CPU.Build.0 = Release|Any CPU
		{C7B9ADC6-BC96-4B85-8904-E274C18ADDC4}.Debug|Any CPU.ActiveCfg = Debug|Any CPU
		{C7B9ADC6-BC96-4B85-8904-E274C18ADDC4}.Debug|Any CPU.Build.0 = Debug|Any CPU
		{C7B9ADC6-BC96-4B85-8904-E274C18ADDC4}.Release|Any CPU.ActiveCfg = Release|Any CPU
		{C7B9ADC6-BC96-4B85-8904-E274C18ADDC4}.Release|Any CPU.Build.0 = Release|Any CPU
		{1BB6477A-CC8C-4EAD-A597-7A8B3C7E81E3}.Debug|Any CPU.ActiveCfg = Debug|Any CPU
		{1BB6477A-CC8C-4EAD-A597-7A8B3C7E81E3}.Debug|Any CPU.Build.0 = Debug|Any CPU
		{1BB6477A-CC8C-4EAD-A597-7A8B3C7E81E3}.Release|Any CPU.ActiveCfg = Release|Any CPU
		{1BB6477A-CC8C-4EAD-A597-7A8B3C7E81E3}.Release|Any CPU.Build.0 = Release|Any CPU
		{17754FCA-E24E-402E-BAA2-0139D3AA9E02}.Debug|Any CPU.ActiveCfg = Debug|Any CPU
		{17754FCA-E24E-402E-BAA2-0139D3AA9E02}.Debug|Any CPU.Build.0 = Debug|Any CPU
		{17754FCA-E24E-402E-BAA2-0139D3AA9E02}.Release|Any CPU.ActiveCfg = Release|Any CPU
		{17754FCA-E24E-402E-BAA2-0139D3AA9E02}.Release|Any CPU.Build.0 = Release|Any CPU
		{1E7BD5C3-E8EA-4919-80FA-952A034E099D}.Debug|Any CPU.ActiveCfg = Debug|Any CPU
		{1E7BD5C3-E8EA-4919-80FA-952A034E099D}.Debug|Any CPU.Build.0 = Debug|Any CPU
		{1E7BD5C3-E8EA-4919-80FA-952A034E099D}.Release|Any CPU.ActiveCfg = Release|Any CPU
		{1E7BD5C3-E8EA-4919-80FA-952A034E099D}.Release|Any CPU.Build.0 = Release|Any CPU
		{241451C1-91B8-41B6-A699-75AE7C1F03BD}.Debug|Any CPU.ActiveCfg = Debug|Any CPU
		{241451C1-91B8-41B6-A699-75AE7C1F03BD}.Debug|Any CPU.Build.0 = Debug|Any CPU
		{241451C1-91B8-41B6-A699-75AE7C1F03BD}.Release|Any CPU.ActiveCfg = Release|Any CPU
		{241451C1-91B8-41B6-A699-75AE7C1F03BD}.Release|Any CPU.Build.0 = Release|Any CPU
	EndGlobalSection
	GlobalSection(SolutionProperties) = preSolution
		HideSolutionNode = FALSE
	EndGlobalSection
	GlobalSection(NestedProjects) = preSolution
		{4CF3D120-45D6-44C7-B307-533DD5D36182} = {D14F8469-1DCC-4A8B-B883-79878E8DFC50}
		{1EE0A996-4045-42A7-82F5-E0740DC4011B} = {3DC6ADF8-D156-48F5-9C63-34613CC2ADB6}
		{225B1596-9DB7-437E-8FA4-2941416D076C} = {3DC6ADF8-D156-48F5-9C63-34613CC2ADB6}
		{C7B9ADC6-BC96-4B85-8904-E274C18ADDC4} = {D14F8469-1DCC-4A8B-B883-79878E8DFC50}
		{1BB6477A-CC8C-4EAD-A597-7A8B3C7E81E3} = {74C0AE78-26F2-447B-A28A-D1044B1ABC2D}
		{17754FCA-E24E-402E-BAA2-0139D3AA9E02} = {74C0AE78-26F2-447B-A28A-D1044B1ABC2D}
		{1E7BD5C3-E8EA-4919-80FA-952A034E099D} = {74C0AE78-26F2-447B-A28A-D1044B1ABC2D}
		{241451C1-91B8-41B6-A699-75AE7C1F03BD} = {74C0AE78-26F2-447B-A28A-D1044B1ABC2D}
	EndGlobalSection
	GlobalSection(ExtensibilityGlobals) = postSolution
		SolutionGuid = {99B358B8-142F-4D4B-BE14-9746B5D2138E}
	EndGlobalSection
EndGlobal
